// !$*UTF8*$!
{
	archiveVersion = 1;
	classes = {
	};
	objectVersion = 46;
	objects = {

/* Begin PBXBuildFile section */
		18820CBCF7181EF3CC208447 /* Pods_flashcard_ios.framework in Frameworks */ = {isa = PBXBuildFile; fileRef = EF790B4EEADCEA63DCE467AB /* Pods_flashcard_ios.framework */; };
		E27D65471C816A590078DF40 /* LoginView.swift in Sources */ = {isa = PBXBuildFile; fileRef = E27D65461C816A590078DF40 /* LoginView.swift */; };
		E28F42571C815A6B0079A16D /* AppDelegate.swift in Sources */ = {isa = PBXBuildFile; fileRef = E28F42561C815A6B0079A16D /* AppDelegate.swift */; };
		E28F42591C815A6B0079A16D /* ViewController.swift in Sources */ = {isa = PBXBuildFile; fileRef = E28F42581C815A6B0079A16D /* ViewController.swift */; };
		E28F425C1C815A6B0079A16D /* Main.storyboard in Resources */ = {isa = PBXBuildFile; fileRef = E28F425A1C815A6B0079A16D /* Main.storyboard */; };
		E28F425E1C815A6B0079A16D /* Assets.xcassets in Resources */ = {isa = PBXBuildFile; fileRef = E28F425D1C815A6B0079A16D /* Assets.xcassets */; };
		E28F42611C815A6B0079A16D /* LaunchScreen.storyboard in Resources */ = {isa = PBXBuildFile; fileRef = E28F425F1C815A6B0079A16D /* LaunchScreen.storyboard */; };
		E2E89BD91C81B97F0060797A /* flashcards.storyboard in Resources */ = {isa = PBXBuildFile; fileRef = E2E89BD81C81B97F0060797A /* flashcards.storyboard */; };
/* End PBXBuildFile section */

/* Begin PBXFileReference section */
		1F675D18855231D9DD0AA455 /* Pods-flashcard-ios.debug.xcconfig */ = {isa = PBXFileReference; includeInIndex = 1; lastKnownFileType = text.xcconfig; name = "Pods-flashcard-ios.debug.xcconfig"; path = "Pods/Target Support Files/Pods-flashcard-ios/Pods-flashcard-ios.debug.xcconfig"; sourceTree = "<group>"; };
		E27D65461C816A590078DF40 /* LoginView.swift */ = {isa = PBXFileReference; fileEncoding = 4; lastKnownFileType = sourcecode.swift; path = LoginView.swift; sourceTree = "<group>"; };
		E28F42531C815A6B0079A16D /* flashcard-ios.app */ = {isa = PBXFileReference; explicitFileType = wrapper.application; includeInIndex = 0; path = "flashcard-ios.app"; sourceTree = BUILT_PRODUCTS_DIR; };
		E28F42561C815A6B0079A16D /* AppDelegate.swift */ = {isa = PBXFileReference; lastKnownFileType = sourcecode.swift; path = AppDelegate.swift; sourceTree = "<group>"; };
		E28F42581C815A6B0079A16D /* ViewController.swift */ = {isa = PBXFileReference; lastKnownFileType = sourcecode.swift; path = ViewController.swift; sourceTree = "<group>"; };
		E28F425B1C815A6B0079A16D /* Base */ = {isa = PBXFileReference; lastKnownFileType = file.storyboard; name = Base; path = Base.lproj/Main.storyboard; sourceTree = "<group>"; };
		E28F425D1C815A6B0079A16D /* Assets.xcassets */ = {isa = PBXFileReference; lastKnownFileType = folder.assetcatalog; path = Assets.xcassets; sourceTree = "<group>"; };
		E28F42601C815A6B0079A16D /* Base */ = {isa = PBXFileReference; lastKnownFileType = file.storyboard; name = Base; path = Base.lproj/LaunchScreen.storyboard; sourceTree = "<group>"; };
		E28F42621C815A6B0079A16D /* Info.plist */ = {isa = PBXFileReference; lastKnownFileType = text.plist.xml; path = Info.plist; sourceTree = "<group>"; };
		E2E89BD81C81B97F0060797A /* flashcards.storyboard */ = {isa = PBXFileReference; fileEncoding = 4; lastKnownFileType = file.storyboard; path = flashcards.storyboard; sourceTree = "<group>"; };
		EF790B4EEADCEA63DCE467AB /* Pods_flashcard_ios.framework */ = {isa = PBXFileReference; explicitFileType = wrapper.framework; includeInIndex = 0; path = Pods_flashcard_ios.framework; sourceTree = BUILT_PRODUCTS_DIR; };
		F5B88B4CC7B2F5F7B82BBB77 /* Pods-flashcard-ios.release.xcconfig */ = {isa = PBXFileReference; includeInIndex = 1; lastKnownFileType = text.xcconfig; name = "Pods-flashcard-ios.release.xcconfig"; path = "Pods/Target Support Files/Pods-flashcard-ios/Pods-flashcard-ios.release.xcconfig"; sourceTree = "<group>"; };
/* End PBXFileReference section */

/* Begin PBXFrameworksBuildPhase section */
		E28F42501C815A6B0079A16D /* Frameworks */ = {
			isa = PBXFrameworksBuildPhase;
			buildActionMask = 2147483647;
			files = (
				18820CBCF7181EF3CC208447 /* Pods_flashcard_ios.framework in Frameworks */,
			);
			runOnlyForDeploymentPostprocessing = 0;
		};
/* End PBXFrameworksBuildPhase section */

/* Begin PBXGroup section */
		616F5FC7766C17FCDFC17A32 /* Pods */ = {
			isa = PBXGroup;
			children = (
				1F675D18855231D9DD0AA455 /* Pods-flashcard-ios.debug.xcconfig */,
				F5B88B4CC7B2F5F7B82BBB77 /* Pods-flashcard-ios.release.xcconfig */,
			);
			name = Pods;
			sourceTree = "<group>";
		};
		99D2804FF375BB2006091C05 /* Frameworks */ = {
			isa = PBXGroup;
			children = (
				EF790B4EEADCEA63DCE467AB /* Pods_flashcard_ios.framework */,
			);
			name = Frameworks;
			sourceTree = "<group>";
		};
		E27D65451C8165B80078DF40 /* login */ = {
			isa = PBXGroup;
			children = (
			);
			name = login;
			sourceTree = "<group>";
		};
		E28F424A1C815A6B0079A16D = {
			isa = PBXGroup;
			children = (
				E28F42551C815A6B0079A16D /* flashcard-ios */,
				E28F42541C815A6B0079A16D /* Products */,
				616F5FC7766C17FCDFC17A32 /* Pods */,
				99D2804FF375BB2006091C05 /* Frameworks */,
			);
			sourceTree = "<group>";
		};
		E28F42541C815A6B0079A16D /* Products */ = {
			isa = PBXGroup;
			children = (
				E28F42531C815A6B0079A16D /* flashcard-ios.app */,
			);
			name = Products;
			sourceTree = "<group>";
		};
		E28F42551C815A6B0079A16D /* flashcard-ios */ = {
			isa = PBXGroup;
			children = (
				E28F42561C815A6B0079A16D /* AppDelegate.swift */,
				E28F42581C815A6B0079A16D /* ViewController.swift */,
				E28F425A1C815A6B0079A16D /* Main.storyboard */,
				E27D65461C816A590078DF40 /* LoginView.swift */,
				E2E89BDA1C81B9890060797A /* flashcards */,
				E27D65451C8165B80078DF40 /* login */,
				E28F425D1C815A6B0079A16D /* Assets.xcassets */,
				E28F425F1C815A6B0079A16D /* LaunchScreen.storyboard */,
				E28F42621C815A6B0079A16D /* Info.plist */,
			);
			path = "flashcard-ios";
			sourceTree = "<group>";
		};
		E2E89BDA1C81B9890060797A /* flashcards */ = {
			isa = PBXGroup;
			children = (
				E2E89BD81C81B97F0060797A /* flashcards.storyboard */,
			);
			name = flashcards;
			sourceTree = "<group>";
		};
/* End PBXGroup section */

/* Begin PBXNativeTarget section */
		E28F42521C815A6B0079A16D /* flashcard-ios */ = {
			isa = PBXNativeTarget;
			buildConfigurationList = E28F42651C815A6B0079A16D /* Build configuration list for PBXNativeTarget "flashcard-ios" */;
			buildPhases = (
				BB253E93982535E2D88894B2 /* Check Pods Manifest.lock */,
				E28F424F1C815A6B0079A16D /* Sources */,
				E28F42501C815A6B0079A16D /* Frameworks */,
				E28F42511C815A6B0079A16D /* Resources */,
				F74FC87C2BFB59766355F572 /* Embed Pods Frameworks */,
				E991A7987DA2B71DF1BF9598 /* Copy Pods Resources */,
			);
			buildRules = (
			);
			dependencies = (
			);
			name = "flashcard-ios";
			productName = "flashcard-ios";
			productReference = E28F42531C815A6B0079A16D /* flashcard-ios.app */;
			productType = "com.apple.product-type.application";
		};
/* End PBXNativeTarget section */

/* Begin PBXProject section */
		E28F424B1C815A6B0079A16D /* Project object */ = {
			isa = PBXProject;
			attributes = {
				LastSwiftUpdateCheck = 0720;
				LastUpgradeCheck = 0720;
				ORGANIZATIONNAME = "Shotaro Ikeda";
				TargetAttributes = {
					E28F42521C815A6B0079A16D = {
						CreatedOnToolsVersion = 7.2.1;
						DevelopmentTeam = CGZL73T4X3;
					};
				};
			};
			buildConfigurationList = E28F424E1C815A6B0079A16D /* Build configuration list for PBXProject "flashcard-ios" */;
			compatibilityVersion = "Xcode 3.2";
			developmentRegion = English;
			hasScannedForEncodings = 0;
			knownRegions = (
				en,
				Base,
			);
			mainGroup = E28F424A1C815A6B0079A16D;
			productRefGroup = E28F42541C815A6B0079A16D /* Products */;
			projectDirPath = "";
			projectRoot = "";
			targets = (
				E28F42521C815A6B0079A16D /* flashcard-ios */,
			);
		};
/* End PBXProject section */

/* Begin PBXResourcesBuildPhase section */
		E28F42511C815A6B0079A16D /* Resources */ = {
			isa = PBXResourcesBuildPhase;
			buildActionMask = 2147483647;
			files = (
				E28F42611C815A6B0079A16D /* LaunchScreen.storyboard in Resources */,
				E28F425E1C815A6B0079A16D /* Assets.xcassets in Resources */,
				E28F425C1C815A6B0079A16D /* Main.storyboard in Resources */,
				E2E89BD91C81B97F0060797A /* flashcards.storyboard in Resources */,
			);
			runOnlyForDeploymentPostprocessing = 0;
		};
/* End PBXResourcesBuildPhase section */

/* Begin PBXShellScriptBuildPhase section */
		BB253E93982535E2D88894B2 /* Check Pods Manifest.lock */ = {
			isa = PBXShellScriptBuildPhase;
			buildActionMask = 2147483647;
			files = (
			);
			inputPaths = (
			);
			name = "Check Pods Manifest.lock";
			outputPaths = (
			);
			runOnlyForDeploymentPostprocessing = 0;
			shellPath = /bin/sh;
			shellScript = "diff \"${PODS_ROOT}/../Podfile.lock\" \"${PODS_ROOT}/Manifest.lock\" > /dev/null\nif [[ $? != 0 ]] ; then\n    cat << EOM\nerror: The sandbox is not in sync with the Podfile.lock. Run 'pod install' or update your CocoaPods installation.\nEOM\n    exit 1\nfi\n";
			showEnvVarsInLog = 0;
		};
		E991A7987DA2B71DF1BF9598 /* Copy Pods Resources */ = {
			isa = PBXShellScriptBuildPhase;
			buildActionMask = 2147483647;
			files = (
			);
			inputPaths = (
			);
			name = "Copy Pods Resources";
			outputPaths = (
			);
			runOnlyForDeploymentPostprocessing = 0;
			shellPath = /bin/sh;
			shellScript = "\"${SRCROOT}/Pods/Target Support Files/Pods-flashcard-ios/Pods-flashcard-ios-resources.sh\"\n";
			showEnvVarsInLog = 0;
		};
		F74FC87C2BFB59766355F572 /* Embed Pods Frameworks */ = {
			isa = PBXShellScriptBuildPhase;
			buildActionMask = 2147483647;
			files = (
			);
			inputPaths = (
			);
			name = "Embed Pods Frameworks";
			outputPaths = (
			);
			runOnlyForDeploymentPostprocessing = 0;
			shellPath = /bin/sh;
			shellScript = "\"${SRCROOT}/Pods/Target Support Files/Pods-flashcard-ios/Pods-flashcard-ios-frameworks.sh\"\n";
			showEnvVarsInLog = 0;
		};
/* End PBXShellScriptBuildPhase section */

/* Begin PBXSourcesBuildPhase section */
		E28F424F1C815A6B0079A16D /* Sources */ = {
			isa = PBXSourcesBuildPhase;
			buildActionMask = 2147483647;
			files = (
				E27D65471C816A590078DF40 /* LoginView.swift in Sources */,
				E28F42591C815A6B0079A16D /* ViewController.swift in Sources */,
				E28F42571C815A6B0079A16D /* AppDelegate.swift in Sources */,
			);
			runOnlyForDeploymentPostprocessing = 0;
		};
/* End PBXSourcesBuildPhase section */

/* Begin PBXVariantGroup section */
		E28F425A1C815A6B0079A16D /* Main.storyboard */ = {
			isa = PBXVariantGroup;
			children = (
				E28F425B1C815A6B0079A16D /* Base */,
			);
			name = Main.storyboard;
			sourceTree = "<group>";
		};
		E28F425F1C815A6B0079A16D /* LaunchScreen.storyboard */ = {
			isa = PBXVariantGroup;
			children = (
				E28F42601C815A6B0079A16D /* Base */,
			);
			name = LaunchScreen.storyboard;
			sourceTree = "<group>";
		};
/* End PBXVariantGroup section */

/* Begin XCBuildConfiguration section */
		E28F42631C815A6B0079A16D /* Debug */ = {
			isa = XCBuildConfiguration;
			buildSettings = {
				ALWAYS_SEARCH_USER_PATHS = NO;
				CLANG_CXX_LANGUAGE_STANDARD = "gnu++0x";
				CLANG_CXX_LIBRARY = "libc++";
				CLANG_ENABLE_MODULES = YES;
				CLANG_ENABLE_OBJC_ARC = YES;
				CLANG_WARN_BOOL_CONVERSION = YES;
				CLANG_WARN_CONSTANT_CONVERSION = YES;
				CLANG_WARN_DIRECT_OBJC_ISA_USAGE = YES_ERROR;
				CLANG_WARN_EMPTY_BODY = YES;
				CLANG_WARN_ENUM_CONVERSION = YES;
				CLANG_WARN_INT_CONVERSION = YES;
				CLANG_WARN_OBJC_ROOT_CLASS = YES_ERROR;
				CLANG_WARN_UNREACHABLE_CODE = YES;
				CLANG_WARN__DUPLICATE_METHOD_MATCH = YES;
				"CODE_SIGN_IDENTITY[sdk=iphoneos*]" = "iPhone Developer";
				COPY_PHASE_STRIP = NO;
				DEBUG_INFORMATION_FORMAT = dwarf;
				ENABLE_STRICT_OBJC_MSGSEND = YES;
				ENABLE_TESTABILITY = YES;
				GCC_C_LANGUAGE_STANDARD = gnu99;
				GCC_DYNAMIC_NO_PIC = NO;
				GCC_NO_COMMON_BLOCKS = YES;
				GCC_OPTIMIZATION_LEVEL = 0;
				GCC_PREPROCESSOR_DEFINITIONS = (
					"DEBUG=1",
					"$(inherited)",
				);
				GCC_WARN_64_TO_32_BIT_CONVERSION = YES;
				GCC_WARN_ABOUT_RETURN_TYPE = YES_ERROR;
				GCC_WARN_UNDECLARED_SELECTOR = YES;
				GCC_WARN_UNINITIALIZED_AUTOS = YES_AGGRESSIVE;
				GCC_WARN_UNUSED_FUNCTION = YES;
				GCC_WARN_UNUSED_VARIABLE = YES;
				IPHONEOS_DEPLOYMENT_TARGET = 9.2;
				MTL_ENABLE_DEBUG_INFO = YES;
				ONLY_ACTIVE_ARCH = YES;
				SDKROOT = iphoneos;
				SWIFT_OPTIMIZATION_LEVEL = "-Onone";
				TARGETED_DEVICE_FAMILY = "1,2";
			};
			name = Debug;
		};
		E28F42641C815A6B0079A16D /* Release */ = {
			isa = XCBuildConfiguration;
			buildSettings = {
				ALWAYS_SEARCH_USER_PATHS = NO;
				CLANG_CXX_LANGUAGE_STANDARD = "gnu++0x";
				CLANG_CXX_LIBRARY = "libc++";
				CLANG_ENABLE_MODULES = YES;
				CLANG_ENABLE_OBJC_ARC = YES;
				CLANG_WARN_BOOL_CONVERSION = YES;
				CLANG_WARN_CONSTANT_CONVERSION = YES;
				CLANG_WARN_DIRECT_OBJC_ISA_USAGE = YES_ERROR;
				CLANG_WARN_EMPTY_BODY = YES;
				CLANG_WARN_ENUM_CONVERSION = YES;
				CLANG_WARN_INT_CONVERSION = YES;
				CLANG_WARN_OBJC_ROOT_CLASS = YES_ERROR;
				CLANG_WARN_UNREACHABLE_CODE = YES;
				CLANG_WARN__DUPLICATE_METHOD_MATCH = YES;
				"CODE_SIGN_IDENTITY[sdk=iphoneos*]" = "iPhone Developer";
				COPY_PHASE_STRIP = NO;
				DEBUG_INFORMATION_FORMAT = "dwarf-with-dsym";
				ENABLE_NS_ASSERTIONS = NO;
				ENABLE_STRICT_OBJC_MSGSEND = YES;
				GCC_C_LANGUAGE_STANDARD = gnu99;
				GCC_NO_COMMON_BLOCKS = YES;
				GCC_WARN_64_TO_32_BIT_CONVERSION = YES;
				GCC_WARN_ABOUT_RETURN_TYPE = YES_ERROR;
				GCC_WARN_UNDECLARED_SELECTOR = YES;
				GCC_WARN_UNINITIALIZED_AUTOS = YES_AGGRESSIVE;
				GCC_WARN_UNUSED_FUNCTION = YES;
				GCC_WARN_UNUSED_VARIABLE = YES;
				IPHONEOS_DEPLOYMENT_TARGET = 9.2;
				MTL_ENABLE_DEBUG_INFO = NO;
				SDKROOT = iphoneos;
				TARGETED_DEVICE_FAMILY = "1,2";
				VALIDATE_PRODUCT = YES;
			};
			name = Release;
		};
		E28F42661C815A6B0079A16D /* Debug */ = {
			isa = XCBuildConfiguration;
			baseConfigurationReference = 1F675D18855231D9DD0AA455 /* Pods-flashcard-ios.debug.xcconfig */;
			buildSettings = {
				ASSETCATALOG_COMPILER_APPICON_NAME = AppIcon;
				CODE_SIGN_IDENTITY = "iPhone Developer";
				INFOPLIST_FILE = "flashcard-ios/Info.plist";
				IPHONEOS_DEPLOYMENT_TARGET = 9.0;
				LD_RUNPATH_SEARCH_PATHS = "$(inherited) @executable_path/Frameworks";
				PRODUCT_BUNDLE_IDENTIFIER = "me.shotaroi.flashcard-ios";
				PRODUCT_NAME = "$(TARGET_NAME)";
				TARGETED_DEVICE_FAMILY = "1,2";
			};
			name = Debug;
		};
		E28F42671C815A6B0079A16D /* Release */ = {
			isa = XCBuildConfiguration;
			baseConfigurationReference = F5B88B4CC7B2F5F7B82BBB77 /* Pods-flashcard-ios.release.xcconfig */;
			buildSettings = {
				ASSETCATALOG_COMPILER_APPICON_NAME = AppIcon;
				CODE_SIGN_IDENTITY = "iPhone Developer";
				INFOPLIST_FILE = "flashcard-ios/Info.plist";
				IPHONEOS_DEPLOYMENT_TARGET = 9.0;
				LD_RUNPATH_SEARCH_PATHS = "$(inherited) @executable_path/Frameworks";
				PRODUCT_BUNDLE_IDENTIFIER = "me.shotaroi.flashcard-ios";
				PRODUCT_NAME = "$(TARGET_NAME)";
				TARGETED_DEVICE_FAMILY = "1,2";
			};
			name = Release;
		};
/* End XCBuildConfiguration section */

/* Begin XCConfigurationList section */
		E28F424E1C815A6B0079A16D /* Build configuration list for PBXProject "flashcard-ios" */ = {
			isa = XCConfigurationList;
			buildConfigurations = (
				E28F42631C815A6B0079A16D /* Debug */,
				E28F42641C815A6B0079A16D /* Release */,
			);
			defaultConfigurationIsVisible = 0;
			defaultConfigurationName = Release;
		};
		E28F42651C815A6B0079A16D /* Build configuration list for PBXNativeTarget "flashcard-ios" */ = {
			isa = XCConfigurationList;
			buildConfigurations = (
				E28F42661C815A6B0079A16D /* Debug */,
				E28F42671C815A6B0079A16D /* Release */,
			);
			defaultConfigurationIsVisible = 0;
			defaultConfigurationName = Release;
		};
/* End XCConfigurationList section */
	};
	rootObject = E28F424B1C815A6B0079A16D /* Project object */;
}
